#MicroXplorer Configuration settings - do not modify
Dma.Request0=USART1_RX
Dma.Request1=USART1_TX
Dma.Request2=USART3_RX
Dma.Request3=USART3_TX
Dma.Request4=UART4_RX
Dma.Request5=UART4_TX
Dma.Request6=USART2_RX
Dma.Request7=USART2_TX
Dma.RequestsNb=8
Dma.UART4_RX.4.Direction=DMA_PERIPH_TO_MEMORY
Dma.UART4_RX.4.Instance=DMA2_Channel3
Dma.UART4_RX.4.MemDataAlignment=DMA_MDATAALIGN_BYTE
Dma.UART4_RX.4.MemInc=DMA_MINC_ENABLE
Dma.UART4_RX.4.Mode=DMA_NORMAL
Dma.UART4_RX.4.PeriphDataAlignment=DMA_PDATAALIGN_BYTE
Dma.UART4_RX.4.PeriphInc=DMA_PINC_DISABLE
Dma.UART4_RX.4.Priority=DMA_PRIORITY_HIGH
Dma.UART4_RX.4.RequestParameters=Instance,Direction,PeriphInc,MemInc,PeriphDataAlignment,MemDataAlignment,Mode,Priority
Dma.UART4_TX.5.Direction=DMA_MEMORY_TO_PERIPH
Dma.UART4_TX.5.Instance=DMA2_Channel5
Dma.UART4_TX.5.MemDataAlignment=DMA_MDATAALIGN_BYTE
Dma.UART4_TX.5.MemInc=DMA_MINC_ENABLE
Dma.UART4_TX.5.Mode=DMA_NORMAL
Dma.UART4_TX.5.PeriphDataAlignment=DMA_PDATAALIGN_BYTE
Dma.UART4_TX.5.PeriphInc=DMA_PINC_DISABLE
Dma.UART4_TX.5.Priority=DMA_PRIORITY_MEDIUM
Dma.UART4_TX.5.RequestParameters=Instance,Direction,PeriphInc,MemInc,PeriphDataAlignment,MemDataAlignment,Mode,Priority
Dma.USART1_RX.0.Direction=DMA_PERIPH_TO_MEMORY
Dma.USART1_RX.0.Instance=DMA1_Channel5
Dma.USART1_RX.0.MemDataAlignment=DMA_MDATAALIGN_BYTE
Dma.USART1_RX.0.MemInc=DMA_MINC_ENABLE
Dma.USART1_RX.0.Mode=DMA_NORMAL
Dma.USART1_RX.0.PeriphDataAlignment=DMA_PDATAALIGN_BYTE
Dma.USART1_RX.0.PeriphInc=DMA_PINC_DISABLE
Dma.USART1_RX.0.Priority=DMA_PRIORITY_HIGH
Dma.USART1_RX.0.RequestParameters=Instance,Direction,PeriphInc,MemInc,PeriphDataAlignment,MemDataAlignment,Mode,Priority
Dma.USART1_TX.1.Direction=DMA_MEMORY_TO_PERIPH
Dma.USART1_TX.1.Instance=DMA1_Channel4
Dma.USART1_TX.1.MemDataAlignment=DMA_MDATAALIGN_BYTE
Dma.USART1_TX.1.MemInc=DMA_MINC_ENABLE
Dma.USART1_TX.1.Mode=DMA_NORMAL
Dma.USART1_TX.1.PeriphDataAlignment=DMA_PDATAALIGN_BYTE
Dma.USART1_TX.1.PeriphInc=DMA_PINC_DISABLE
Dma.USART1_TX.1.Priority=DMA_PRIORITY_MEDIUM
Dma.USART1_TX.1.RequestParameters=Instance,Direction,PeriphInc,MemInc,PeriphDataAlignment,MemDataAlignment,Mode,Priority
Dma.USART2_RX.6.Direction=DMA_PERIPH_TO_MEMORY
Dma.USART2_RX.6.Instance=DMA1_Channel6
Dma.USART2_RX.6.MemDataAlignment=DMA_MDATAALIGN_BYTE
Dma.USART2_RX.6.MemInc=DMA_MINC_ENABLE
Dma.USART2_RX.6.Mode=DMA_NORMAL
Dma.USART2_RX.6.PeriphDataAlignment=DMA_PDATAALIGN_BYTE
Dma.USART2_RX.6.PeriphInc=DMA_PINC_DISABLE
Dma.USART2_RX.6.Priority=DMA_PRIORITY_MEDIUM
Dma.USART2_RX.6.RequestParameters=Instance,Direction,PeriphInc,MemInc,PeriphDataAlignment,MemDataAlignment,Mode,Priority
Dma.USART2_TX.7.Direction=DMA_MEMORY_TO_PERIPH
Dma.USART2_TX.7.Instance=DMA1_Channel7
Dma.USART2_TX.7.MemDataAlignment=DMA_MDATAALIGN_BYTE
Dma.USART2_TX.7.MemInc=DMA_MINC_ENABLE
Dma.USART2_TX.7.Mode=DMA_NORMAL
Dma.USART2_TX.7.PeriphDataAlignment=DMA_PDATAALIGN_BYTE
Dma.USART2_TX.7.PeriphInc=DMA_PINC_DISABLE
Dma.USART2_TX.7.Priority=DMA_PRIORITY_LOW
Dma.USART2_TX.7.RequestParameters=Instance,Direction,PeriphInc,MemInc,PeriphDataAlignment,MemDataAlignment,Mode,Priority
Dma.USART3_RX.2.Direction=DMA_PERIPH_TO_MEMORY
Dma.USART3_RX.2.Instance=DMA1_Channel3
Dma.USART3_RX.2.MemDataAlignment=DMA_MDATAALIGN_BYTE
Dma.USART3_RX.2.MemInc=DMA_MINC_ENABLE
Dma.USART3_RX.2.Mode=DMA_NORMAL
Dma.USART3_RX.2.PeriphDataAlignment=DMA_PDATAALIGN_BYTE
Dma.USART3_RX.2.PeriphInc=DMA_PINC_DISABLE
Dma.USART3_RX.2.Priority=DMA_PRIORITY_LOW
Dma.USART3_RX.2.RequestParameters=Instance,Direction,PeriphInc,MemInc,PeriphDataAlignment,MemDataAlignment,Mode,Priority
Dma.USART3_TX.3.Direction=DMA_MEMORY_TO_PERIPH
Dma.USART3_TX.3.Instance=DMA1_Channel2
Dma.USART3_TX.3.MemDataAlignment=DMA_MDATAALIGN_BYTE
Dma.USART3_TX.3.MemInc=DMA_MINC_ENABLE
Dma.USART3_TX.3.Mode=DMA_NORMAL
Dma.USART3_TX.3.PeriphDataAlignment=DMA_PDATAALIGN_BYTE
Dma.USART3_TX.3.PeriphInc=DMA_PINC_DISABLE
Dma.USART3_TX.3.Priority=DMA_PRIORITY_HIGH
Dma.USART3_TX.3.RequestParameters=Instance,Direction,PeriphInc,MemInc,PeriphDataAlignment,MemDataAlignment,Mode,Priority
FREERTOS.FootprintOK=true
FREERTOS.INCLUDE_uxTaskGetStackHighWaterMark=1
FREERTOS.INCLUDE_xTaskGetCurrentTaskHandle=1
FREERTOS.IPParameters=Tasks01,configTOTAL_HEAP_SIZE,FootprintOK,configUSE_IDLE_HOOK,configUSE_TICK_HOOK,INCLUDE_uxTaskGetStackHighWaterMark,INCLUDE_xTaskGetCurrentTaskHandle,Queues01
FREERTOS.Queues01=serial_queue,8,uint8_t,NULL;gui_queue,8,uint32_t,NULL
FREERTOS.Tasks01=sys_core_task,0,500,sys_core_function,Default;gui_task,0,800,gui_function,Default;serial_task,2,800,serial_function,Default;watcher_task,0,400,watcher_function,Default
FREERTOS.configTOTAL_HEAP_SIZE=20480
FREERTOS.configUSE_IDLE_HOOK=1
FREERTOS.configUSE_TICK_HOOK=1
File.Version=6
KeepUserPlacement=false
Mcu.Family=STM32F1
Mcu.IP0=CRC
Mcu.IP1=DMA
Mcu.IP10=TIM5
Mcu.IP11=TIM6
Mcu.IP12=UART4
Mcu.IP13=UART5
Mcu.IP14=USART1
Mcu.IP15=USART2
Mcu.IP16=USART3
Mcu.IP2=FREERTOS
Mcu.IP3=NVIC
Mcu.IP4=RCC
Mcu.IP5=RTC
Mcu.IP6=SYS
Mcu.IP7=TIM2
Mcu.IP8=TIM3
Mcu.IP9=TIM4
Mcu.IPNb=17
Mcu.Name=STM32F103V(C-D-E)Tx
Mcu.Package=LQFP100
Mcu.Pin0=PC14-OSC32_IN
Mcu.Pin1=PC15-OSC32_OUT
Mcu.Pin10=PB12
Mcu.Pin11=PB13
Mcu.Pin12=PB14
Mcu.Pin13=PB15
Mcu.Pin14=PD8
Mcu.Pin15=PD9
Mcu.Pin16=PC7
Mcu.Pin17=PA9
Mcu.Pin18=PA10
Mcu.Pin19=PA11
Mcu.Pin2=OSC_IN
Mcu.Pin20=PA12
Mcu.Pin21=PA13
Mcu.Pin22=PA14
Mcu.Pin23=PC10
Mcu.Pin24=PC11
Mcu.Pin25=PC12
Mcu.Pin26=PD0
Mcu.Pin27=PD1
Mcu.Pin28=PD2
Mcu.Pin29=PD3
Mcu.Pin3=OSC_OUT
Mcu.Pin30=PD4
Mcu.Pin31=PD5
Mcu.Pin32=PD6
Mcu.Pin33=PD7
Mcu.Pin34=PB3
Mcu.Pin35=PB4
Mcu.Pin36=PB6
Mcu.Pin37=PB7
Mcu.Pin38=VP_CRC_VS_CRC
Mcu.Pin39=VP_FREERTOS_VS_ENABLE
Mcu.Pin4=PA2
Mcu.Pin40=VP_RTC_No_RTC_Output
Mcu.Pin41=VP_SYS_VS_tim7
Mcu.Pin42=VP_TIM2_VS_ClockSourceINT
Mcu.Pin43=VP_TIM3_VS_ClockSourceINT
Mcu.Pin44=VP_TIM4_VS_ClockSourceINT
Mcu.Pin45=VP_TIM5_VS_ClockSourceINT
Mcu.Pin46=VP_TIM6_VS_ClockSourceINT
Mcu.Pin5=PA3
Mcu.Pin6=PE8
Mcu.Pin7=PE9
Mcu.Pin8=PB10
Mcu.Pin9=PB11
Mcu.PinsNb=47
Mcu.UserConstants=
Mcu.UserName=STM32F103VCTx
MxCube.Version=4.16.0
MxDb.Version=DB.4.0.160
NVIC.BusFault_IRQn=true\:0\:0\:false\:false\:true\:false
NVIC.DMA1_Channel2_IRQn=true\:5\:0\:false\:false\:true\:true
NVIC.DMA1_Channel3_IRQn=true\:5\:0\:false\:false\:true\:true
NVIC.DMA1_Channel4_IRQn=true\:5\:0\:false\:false\:true\:true
NVIC.DMA1_Channel5_IRQn=true\:5\:0\:false\:false\:true\:true
NVIC.DMA1_Channel6_IRQn=true\:5\:0\:false\:false\:true\:true
NVIC.DMA1_Channel7_IRQn=true\:5\:0\:false\:false\:true\:true
NVIC.DMA2_Channel3_IRQn=true\:5\:0\:false\:false\:true\:true
NVIC.DMA2_Channel4_5_IRQn=true\:5\:0\:false\:false\:true\:true
NVIC.DebugMonitor_IRQn=true\:0\:0\:false\:false\:true\:false
NVIC.HardFault_IRQn=true\:0\:0\:false\:false\:true\:false
NVIC.MemoryManagement_IRQn=true\:0\:0\:false\:false\:true\:false
NVIC.NonMaskableInt_IRQn=true\:0\:0\:false\:false\:true\:false
NVIC.PendSV_IRQn=true\:15\:0\:false\:false\:false\:true
NVIC.PriorityGroup=NVIC_PRIORITYGROUP_4
NVIC.RTC_IRQn=true\:5\:0\:false\:false\:true\:true
NVIC.SVCall_IRQn=true\:0\:0\:false\:false\:false\:false
NVIC.SysTick_IRQn=true\:15\:0\:false\:false\:true\:true
NVIC.TIM2_IRQn=true\:5\:0\:false\:false\:true\:true
NVIC.TIM3_IRQn=true\:5\:0\:false\:false\:true\:true
NVIC.TIM4_IRQn=true\:5\:0\:false\:false\:true\:true
NVIC.TIM5_IRQn=true\:5\:0\:false\:false\:true\:true
NVIC.TIM6_IRQn=true\:5\:0\:false\:false\:true\:true
NVIC.TIM7_IRQn=true\:0\:0\:false\:false\:true\:false
NVIC.TimeBase=TIM7_IRQn
NVIC.TimeBaseIP=TIM7
NVIC.UART4_IRQn=true\:5\:0\:false\:false\:true\:true
NVIC.UART5_IRQn=true\:5\:0\:false\:false\:true\:true
NVIC.USART1_IRQn=true\:5\:0\:false\:false\:true\:true
NVIC.USART2_IRQn=true\:5\:0\:false\:false\:true\:true
NVIC.USART3_IRQn=true\:5\:0\:false\:false\:true\:true
NVIC.UsageFault_IRQn=true\:0\:0\:false\:false\:true\:false
OSC_IN.Mode=HSE-External-Oscillator
OSC_IN.Signal=RCC_OSC_IN
OSC_OUT.Mode=HSE-External-Oscillator
OSC_OUT.Signal=RCC_OSC_OUT
PA10.Mode=Asynchronous
PA10.Signal=USART1_RX
PA11.GPIOParameters=GPIO_Label
PA11.GPIO_Label=CO2_AMBIENT
PA11.Locked=true
PA11.Signal=GPIO_Output
PA12.GPIOParameters=GPIO_Label
PA12.GPIO_Label=CO2_ZERO
PA12.Locked=true
PA12.Signal=GPIO_Output
PA13.Mode=Serial_Wire
PA13.Signal=SYS_JTMS-SWDIO
PA14.Mode=Serial_Wire
PA14.Signal=SYS_JTCK-SWCLK
PA2.Locked=true
PA2.Mode=Asynchronous
PA2.Signal=USART2_TX
PA3.Mode=Asynchronous
PA3.Signal=USART2_RX
PA9.Mode=Asynchronous
PA9.Signal=USART1_TX
PB10.GPIOParameters=GPIO_Label,GPIO_ModeDefaultOutputPP
PB10.GPIO_Label=PM_25_SCLK
PB10.GPIO_ModeDefaultOutputPP=GPIO_MODE_OUTPUT_PP
PB10.Locked=true
PB10.Signal=GPIO_Output
PB11.GPIOParameters=GPIO_Label,GPIO_ModeDefaultOutputPP
PB11.GPIO_Label=PM_25_SDA
PB11.GPIO_ModeDefaultOutputPP=GPIO_MODE_OUTPUT_OD
PB11.Locked=true
PB11.Signal=GPIO_Output
PB12.GPIOParameters=PinState,GPIO_Label
PB12.GPIO_Label=WIFI_RESET
PB12.Locked=true
PB12.PinState=GPIO_PIN_SET
PB12.Signal=GPIO_Output
PB13.GPIOParameters=GPIO_Label
PB13.GPIO_Label=WIFI_NREADY
PB13.Locked=true
PB13.Signal=GPIO_Input
PB14.GPIOParameters=PinState,GPIO_Label
PB14.GPIO_Label=WIFI_SMART_LINK
PB14.Locked=true
PB14.PinState=GPIO_PIN_SET
PB14.Signal=GPIO_Output
PB15.GPIOParameters=GPIO_Label
PB15.GPIO_Label=WIFI_N_LINK
PB15.Locked=true
PB15.Signal=GPIO_Input
PB3.GPIOParameters=GPIO_Label
PB3.GPIO_Label=PAPER_BUSY
PB3.Locked=true
PB3.Signal=GPIO_Input
PB4.GPIOParameters=GPIO_Label
PB4.GPIO_Label=PAPER_BS
PB4.Locked=true
PB4.Signal=GPIO_Output
PB6.GPIOParameters=GPIO_Label,GPIO_ModeDefaultOutputPP
PB6.GPIO_Label=TH_SCLK
PB6.GPIO_ModeDefaultOutputPP=GPIO_MODE_OUTPUT_PP
PB6.Locked=true
PB6.Signal=GPIO_Output
PB7.GPIOParameters=GPIO_Label,GPIO_ModeDefaultOutputPP
PB7.GPIO_Label=TH_SDA
PB7.GPIO_ModeDefaultOutputPP=GPIO_MODE_OUTPUT_OD
PB7.Locked=true
PB7.Signal=GPIO_Output
PC10.Locked=true
PC10.Mode=Asynchronous
PC10.Signal=UART4_TX
PC11.Mode=Asynchronous
PC11.Signal=UART4_RX
PC12.Mode=Asynchronous
PC12.Signal=UART5_TX
PC14-OSC32_IN.Mode=LSE-External-Oscillator
PC14-OSC32_IN.Signal=RCC_OSC32_IN
PC15-OSC32_OUT.Mode=LSE-External-Oscillator
PC15-OSC32_OUT.Signal=RCC_OSC32_OUT
PC7.GPIOParameters=GPIO_Label
PC7.GPIO_Label=POWER
PC7.Locked=true
PC7.Signal=GPIO_Output
PCC.Checker=false
PCC.Line=STM32F103
PCC.MCU=STM32F103V(C-D-E)Tx
PCC.MXVersion=4.16.0
PCC.PartNumber=STM32F103VCTx
PCC.Seq0=0
PCC.Series=STM32F1
PCC.Temperature=25
PCC.Vdd=3.3
PD0.GPIOParameters=GPIO_Label
PD0.GPIO_Label=TVOC_SCLK
PD0.Locked=true
PD0.Signal=GPIO_Output
PD1.GPIOParameters=GPIO_Label,GPIO_ModeDefaultOutputPP
PD1.GPIO_Label=TVOC_SDA
PD1.GPIO_ModeDefaultOutputPP=GPIO_MODE_OUTPUT_OD
PD1.Locked=true
PD1.Signal=GPIO_Output
PD2.Locked=true
PD2.Mode=Asynchronous
PD2.Signal=UART5_RX
PD3.GPIOParameters=GPIO_Label
PD3.GPIO_Label=PAPER_MOSI
PD3.Locked=true
PD3.Signal=GPIO_Output
PD4.GPIOParameters=GPIO_Label
PD4.GPIO_Label=PAPER_CLK
PD4.Locked=true
PD4.Signal=GPIO_Output
PD5.GPIOParameters=GPIO_Label
PD5.GPIO_Label=PAPER_CS
PD5.Locked=true
PD5.Signal=GPIO_Output
PD6.GPIOParameters=GPIO_Label
PD6.GPIO_Label=PAPER_DC
PD6.Locked=true
PD6.Signal=GPIO_Output
PD7.GPIOParameters=GPIO_Label
PD7.GPIO_Label=PAPER_RST
PD7.Locked=true
PD7.Signal=GPIO_Output
PD8.Locked=true
PD8.Mode=Asynchronous
PD8.Signal=USART3_TX
PD9.Locked=true
PD9.Mode=Asynchronous
PD9.Signal=USART3_RX
PE8.GPIOParameters=GPIO_Label
PE8.GPIO_Label=FAN
PE8.Locked=true
PE8.Signal=GPIO_Output
PE9.GPIOParameters=GPIO_Label
PE9.GPIO_Label=SPK
PE9.Locked=true
PE9.Signal=GPIO_Output
ProjectManager.AskForMigrate=true
ProjectManager.BackupPrevious=false
ProjectManager.CompilerOptimize=2
ProjectManager.ComputerToolchain=false
ProjectManager.CoupleFile=true
ProjectManager.DeletePrevious=true
ProjectManager.DeviceId=STM32F103VCTx
ProjectManager.FirmwarePackage=STM32Cube FW_F1 V1.4.0
ProjectManager.FreePins=false
ProjectManager.HalAssertFull=false
ProjectManager.HeapSize=0x400
ProjectManager.KeepUserCode=true
ProjectManager.LastFirmware=true
ProjectManager.LibraryCopy=0
ProjectManager.PreviousToolchain=
ProjectManager.ProjectBuild=false
ProjectManager.ProjectFileName=xiaobai_v2.ioc
ProjectManager.ProjectName=xiaobai_v2
ProjectManager.StackSize=0x1000
ProjectManager.TargetToolchain=MDK-ARM V5
ProjectManager.ToolChainLocation=L\:\\work\\xiaobai2_0\\soft\\xiaobai_v2
ProjectManager.UnderRoot=false
ProjectManager.functionlistsort=1-MX_GPIO_Init-GPIO-false,2-MX_DMA_Init-DMA-false,3-MX_RTC_Init-RTC-false,4-MX_CRC_Init-CRC-false,5-MX_UART4_Init-UART4-false,6-MX_UART5_Init-UART5-false,7-MX_USART1_UART_Init-USART1-false,8-MX_USART2_UART_Init-USART2-false,9-MX_USART3_UART_Init-USART3-false,10-MX_TIM3_Init-TIM3-false,11-MX_TIM4_Init-TIM4-false,12-MX_TIM5_Init-TIM5-false,13-MX_TIM6_Init-TIM6-false,14-MX_TIM2_Init-TIM2-false
RCC.ADCFreqValue=36000000
RCC.AHBFreq_Value=72000000
RCC.APB1CLKDivider=RCC_HCLK_DIV2
RCC.APB1Freq_Value=36000000
RCC.APB1TimFreq_Value=72000000
RCC.APB2Freq_Value=72000000
RCC.APB2TimFreq_Value=72000000
RCC.FCLKCortexFreq_Value=72000000
RCC.FSMCFreq_Value=72000000
RCC.FamilyName=M
RCC.HCLKFreq_Value=72000000
RCC.HSIState=RCC_HSI_ON
RCC.I2S2Freq_Value=72000000
RCC.I2S3Freq_Value=72000000
RCC.IPParameters=ADCFreqValue,AHBFreq_Value,APB1CLKDivider,APB1Freq_Value,APB1TimFreq_Value,APB2Freq_Value,APB2TimFreq_Value,FCLKCortexFreq_Value,FSMCFreq_Value,FamilyName,HCLKFreq_Value,HSIState,I2S2Freq_Value,I2S3Freq_Value,MCOFreq_Value,PLLCLKFreq_Value,PLLMCOFreq_Value,PLLMUL,PLLSourceVirtual,SDIOFreq_Value,SDIOHCLKDiv2FreqValue,SYSCLKFreq_VALUE,SYSCLKSource,TimSysFreq_Value,USBFreq_Value,VCOOutput2Freq_Value
RCC.MCOFreq_Value=72000000
RCC.PLLCLKFreq_Value=72000000
RCC.PLLMCOFreq_Value=36000000
RCC.PLLMUL=RCC_PLL_MUL9
RCC.PLLSourceVirtual=RCC_PLLSOURCE_HSE
RCC.SDIOFreq_Value=72000000
RCC.SDIOHCLKDiv2FreqValue=36000000
RCC.SYSCLKFreq_VALUE=72000000
RCC.SYSCLKSource=RCC_SYSCLKSOURCE_PLLCLK
RCC.TimSysFreq_Value=72000000
RCC.USBFreq_Value=72000000
RCC.VCOOutput2Freq_Value=8000000
TIM2.IPParameters=Prescaler,Period
TIM2.Period=199
TIM2.Prescaler=71
TIM3.IPParameters=Prescaler,Period
TIM3.Period=2999
TIM3.Prescaler=71
TIM4.IPParameters=Prescaler,Period
TIM4.Period=2999
TIM4.Prescaler=71
TIM5.IPParameters=Prescaler,Period
TIM5.Period=2999
TIM5.Prescaler=71
TIM6.IPParameters=Prescaler,Period
TIM6.Period=2999
TIM6.Prescaler=71
USART1.BaudRate=115200
USART1.IPParameters=BaudRate
USART2.BaudRate=57600
USART2.IPParameters=BaudRate
VP_CRC_VS_CRC.Mode=CRC_Activate
VP_CRC_VS_CRC.Signal=CRC_VS_CRC
VP_FREERTOS_VS_ENABLE.Mode=Enabled
VP_FREERTOS_VS_ENABLE.Signal=FREERTOS_VS_ENABLE
VP_RTC_No_RTC_Output.Mode=RTC_OUT_NO
VP_RTC_No_RTC_Output.Signal=RTC_No_RTC_Output
VP_SYS_VS_tim7.Mode=TIM7
VP_SYS_VS_tim7.Signal=SYS_VS_tim7
VP_TIM2_VS_ClockSourceINT.Mode=Internal
VP_TIM2_VS_ClockSourceINT.Signal=TIM2_VS_ClockSourceINT
VP_TIM3_VS_ClockSourceINT.Mode=Internal
VP_TIM3_VS_ClockSourceINT.Signal=TIM3_VS_ClockSourceINT
VP_TIM4_VS_ClockSourceINT.Mode=Internal
VP_TIM4_VS_ClockSourceINT.Signal=TIM4_VS_ClockSourceINT
VP_TIM5_VS_ClockSourceINT.Mode=Internal
VP_TIM5_VS_ClockSourceINT.Signal=TIM5_VS_ClockSourceINT
VP_TIM6_VS_ClockSourceINT.Mode=Enable_Timer
VP_TIM6_VS_ClockSourceINT.Signal=TIM6_VS_ClockSourceINT
board=xiaobai_v2
